{
  "requires": true,
  "lockfileVersion": 1,
  "dependencies": {
    "jquery": {
      "version": "3.3.1",
      "resolved": "https://registry.npmjs.org/jquery/-/jquery-3.3.1.tgz",
      "integrity": "sha512-Ubldcmxp5np52/ENotGxlLe6aGMvmF4R8S6tZjsP6Knsaxd/xp3Zrh50cG93lR6nPXyUFwzN3ZSOQI0wRJNdGg=="
    },
    "patternlock": {
      "version": "2.0.1",
      "resolved": "https://registry.npmjs.org/patternlock/-/patternlock-2.0.1.tgz",
      "integrity": "sha512-nRilqVb+fR5mg9Da8qSaH56p1WKeyaPbKFXED0g3E8zN3yBZQkikv37+Oa9pHYkirSzn5963AvVTkAJyO6G8GA==",
      "requires": {
        "jquery": "3.3.1"
      }
    }
  }
}
